
Microsoft Visual Studio Solution File, Format Version 12.00
# Visual Studio Version 17
VisualStudioVersion = 17.2.32602.215
MinimumVisualStudioVersion = 10.0.40219.1
Project("{FAE04EC0-301F-11D3-BF4B-00C04F79EFBC}") = "Calculadora.ConsoleApp", "Calculadora.ConsoleApp\Calculadora.ConsoleApp.csproj", "{1A7ECD92-6925-4FD2-BAF9-8C66DADFF5D5}"
EndProject
Global
	GlobalSection(SolutionConfigurationPlatforms) = preSolution
		Debug|Any CPU = Debug|Any CPU
		Release|Any CPU = Release|Any CPU
	EndGlobalSection
	GlobalSection(ProjectConfigurationPlatforms) = postSolution
		{1A7ECD92-6925-4FD2-BAF9-8C66DADFF5D5}.Debug|Any CPU.ActiveCfg = Debug|Any CPU
		{1A7ECD92-6925-4FD2-BAF9-8C66DADFF5D5}.Debug|Any CPU.Build.0 = Debug|Any CPU
		{1A7ECD92-6925-4FD2-BAF9-8C66DADFF5D5}.Release|Any CPU.ActiveCfg = Release|Any CPU
		{1A7ECD92-6925-4FD2-BAF9-8C66DADFF5D5}.Release|Any CPU.Build.0 = Release|Any CPU
	EndGlobalSection
	GlobalSection(SolutionProperties) = preSolution
		HideSolutionNode = FALSE
	EndGlobalSection
	GlobalSection(ExtensibilityGlobals) = postSolution
		SolutionGuid = {FAE404AB-AE61-450A-B12B-8FFA083C7657}
	EndGlobalSection
EndGlobal
